
Microsoft Visual Studio Solution File, Format Version 12.00
# Visual Studio Version 17
VisualStudioVersion = 17.2.32602.215
MinimumVisualStudioVersion = 10.0.40219.1
Project("{9A19103F-16F7-4668-BE54-9A1E7A4F7556}") = "Taxes.Console", "Taxes.Console\Taxes.Console.csproj", "{17FC4DFF-1B11-4E5D-8FBF-4846DDD68805}"
EndProject
Project("{2150E333-8FDC-42A3-9474-1A3956D46DE8}") = "Solution Items", "Solution Items", "{4AF47E94-011F-482B-81C6-F5807E8D4363}"
	ProjectSection(SolutionItems) = preProject
		.editorconfig = .editorconfig
	EndProjectSection
EndProject
Project("{9A19103F-16F7-4668-BE54-9A1E7A4F7556}") = "Lefthanded.Console", "Lefthanded.Console\Lefthanded.Console.csproj", "{D1067FC3-9484-4599-9543-19C8101C8857}"
EndProject
Project("{9A19103F-16F7-4668-BE54-9A1E7A4F7556}") = "Ride.Console", "Ride.Console\Ride.Console.csproj", "{87E3DBE9-24E6-482C-A17B-159C176DDDA5}"
EndProject
Project("{9A19103F-16F7-4668-BE54-9A1E7A4F7556}") = "Chemistry.Console", "Chemistry.Console\Chemistry.Console.csproj", "{D1190DB8-8B86-42B7-BF9C-7B0E5F84AB9F}"
EndProject
Project("{9A19103F-16F7-4668-BE54-9A1E7A4F7556}") = "Basketball2004.Console", "Basketball2004.Console\Basketball2004.Console.csproj", "{00AF39C8-5192-4A43-BA60-BA28BF23A301}"
EndProject
Project("{9A19103F-16F7-4668-BE54-9A1E7A4F7556}") = "Dogs.Console", "Dogs.Console\Dogs.Console.csproj", "{552B004D-6A98-4C77-B8F7-36A928241C06}"
EndProject
Project("{9A19103F-16F7-4668-BE54-9A1E7A4F7556}") = "OpeningWeekend.Console", "OpeningWeekend.Console\OpeningWeekend.Console.csproj", "{F58EB8CF-34D4-4486-BC77-C8EBBA10AC94}"
EndProject
Project("{9A19103F-16F7-4668-BE54-9A1E7A4F7556}") = "Operators.Console", "Operators.Console\Operators.Console.csproj", "{0C3CA4A1-C63C-41BB-B93F-84782E4EBFFC}"
EndProject
Project("{FAE04EC0-301F-11D3-BF4B-00C04F79EFBC}") = "Pilots.Console", "Pilots.Console\Pilots.Console.csproj", "{8707E67B-6FC7-451A-A013-B0CCEE532525}"
EndProject
Global
	GlobalSection(SolutionConfigurationPlatforms) = preSolution
		Debug|Any CPU = Debug|Any CPU
		Release|Any CPU = Release|Any CPU
	EndGlobalSection
	GlobalSection(ProjectConfigurationPlatforms) = postSolution
		{17FC4DFF-1B11-4E5D-8FBF-4846DDD68805}.Debug|Any CPU.ActiveCfg = Debug|Any CPU
		{17FC4DFF-1B11-4E5D-8FBF-4846DDD68805}.Debug|Any CPU.Build.0 = Debug|Any CPU
		{17FC4DFF-1B11-4E5D-8FBF-4846DDD68805}.Release|Any CPU.ActiveCfg = Release|Any CPU
		{17FC4DFF-1B11-4E5D-8FBF-4846DDD68805}.Release|Any CPU.Build.0 = Release|Any CPU
		{D1067FC3-9484-4599-9543-19C8101C8857}.Debug|Any CPU.ActiveCfg = Debug|Any CPU
		{D1067FC3-9484-4599-9543-19C8101C8857}.Debug|Any CPU.Build.0 = Debug|Any CPU
		{D1067FC3-9484-4599-9543-19C8101C8857}.Release|Any CPU.ActiveCfg = Release|Any CPU
		{D1067FC3-9484-4599-9543-19C8101C8857}.Release|Any CPU.Build.0 = Release|Any CPU
		{87E3DBE9-24E6-482C-A17B-159C176DDDA5}.Debug|Any CPU.ActiveCfg = Debug|Any CPU
		{87E3DBE9-24E6-482C-A17B-159C176DDDA5}.Debug|Any CPU.Build.0 = Debug|Any CPU
		{87E3DBE9-24E6-482C-A17B-159C176DDDA5}.Release|Any CPU.ActiveCfg = Release|Any CPU
		{87E3DBE9-24E6-482C-A17B-159C176DDDA5}.Release|Any CPU.Build.0 = Release|Any CPU
		{D1190DB8-8B86-42B7-BF9C-7B0E5F84AB9F}.Debug|Any CPU.ActiveCfg = Debug|Any CPU
		{D1190DB8-8B86-42B7-BF9C-7B0E5F84AB9F}.Debug|Any CPU.Build.0 = Debug|Any CPU
		{D1190DB8-8B86-42B7-BF9C-7B0E5F84AB9F}.Release|Any CPU.ActiveCfg = Release|Any CPU
		{D1190DB8-8B86-42B7-BF9C-7B0E5F84AB9F}.Release|Any CPU.Build.0 = Release|Any CPU
		{00AF39C8-5192-4A43-BA60-BA28BF23A301}.Debug|Any CPU.ActiveCfg = Debug|Any CPU
		{00AF39C8-5192-4A43-BA60-BA28BF23A301}.Debug|Any CPU.Build.0 = Debug|Any CPU
		{00AF39C8-5192-4A43-BA60-BA28BF23A301}.Release|Any CPU.ActiveCfg = Release|Any CPU
		{00AF39C8-5192-4A43-BA60-BA28BF23A301}.Release|Any CPU.Build.0 = Release|Any CPU
		{552B004D-6A98-4C77-B8F7-36A928241C06}.Debug|Any CPU.ActiveCfg = Debug|Any CPU
		{552B004D-6A98-4C77-B8F7-36A928241C06}.Debug|Any CPU.Build.0 = Debug|Any CPU
		{552B004D-6A98-4C77-B8F7-36A928241C06}.Release|Any CPU.ActiveCfg = Release|Any CPU
		{552B004D-6A98-4C77-B8F7-36A928241C06}.Release|Any CPU.Build.0 = Release|Any CPU
		{F58EB8CF-34D4-4486-BC77-C8EBBA10AC94}.Debug|Any CPU.ActiveCfg = Debug|Any CPU
		{F58EB8CF-34D4-4486-BC77-C8EBBA10AC94}.Debug|Any CPU.Build.0 = Debug|Any CPU
		{F58EB8CF-34D4-4486-BC77-C8EBBA10AC94}.Release|Any CPU.ActiveCfg = Release|Any CPU
		{F58EB8CF-34D4-4486-BC77-C8EBBA10AC94}.Release|Any CPU.Build.0 = Release|Any CPU
		{0C3CA4A1-C63C-41BB-B93F-84782E4EBFFC}.Debug|Any CPU.ActiveCfg = Debug|Any CPU
		{0C3CA4A1-C63C-41BB-B93F-84782E4EBFFC}.Debug|Any CPU.Build.0 = Debug|Any CPU
		{0C3CA4A1-C63C-41BB-B93F-84782E4EBFFC}.Release|Any CPU.ActiveCfg = Release|Any CPU
		{0C3CA4A1-C63C-41BB-B93F-84782E4EBFFC}.Release|Any CPU.Build.0 = Release|Any CPU
		{8707E67B-6FC7-451A-A013-B0CCEE532525}.Debug|Any CPU.ActiveCfg = Debug|Any CPU
		{8707E67B-6FC7-451A-A013-B0CCEE532525}.Debug|Any CPU.Build.0 = Debug|Any CPU
		{8707E67B-6FC7-451A-A013-B0CCEE532525}.Release|Any CPU.ActiveCfg = Release|Any CPU
		{8707E67B-6FC7-451A-A013-B0CCEE532525}.Release|Any CPU.Build.0 = Release|Any CPU
	EndGlobalSection
	GlobalSection(SolutionProperties) = preSolution
		HideSolutionNode = FALSE
	EndGlobalSection
	GlobalSection(ExtensibilityGlobals) = postSolution
		SolutionGuid = {30E6EB5A-6220-456B-9A0C-FE21D4260827}
	EndGlobalSection
EndGlobal
